
Microsoft Visual Studio Solution File, Format Version 12.00
# Visual Studio Version 16
VisualStudioVersion = 16.0.29709.97
MinimumVisualStudioVersion = 10.0.40219.1
Project("{FAE04EC0-301F-11D3-BF4B-00C04F79EFBC}") = "BethanysPieShop", "BethanysPieShop\BethanysPieShop.csproj", "{8FD6F32B-8F10-4FFA-9546-D1A9DDA2E1C7}"
EndProject
Global
	GlobalSection(SolutionConfigurationPlatforms) = preSolution
		Debug|Any CPU = Debug|Any CPU
		Release|Any CPU = Release|Any CPU
	EndGlobalSection
	GlobalSection(ProjectConfigurationPlatforms) = postSolution
		{8FD6F32B-8F10-4FFA-9546-D1A9DDA2E1C7}.Debug|Any CPU.ActiveCfg = Debug|Any CPU
		{8FD6F32B-8F10-4FFA-9546-D1A9DDA2E1C7}.Debug|Any CPU.Build.0 = Debug|Any CPU
		{8FD6F32B-8F10-4FFA-9546-D1A9DDA2E1C7}.Release|Any CPU.ActiveCfg = Release|Any CPU
		{8FD6F32B-8F10-4FFA-9546-D1A9DDA2E1C7}.Release|Any CPU.Build.0 = Release|Any CPU
	EndGlobalSection
	GlobalSection(SolutionProperties) = preSolution
		HideSolutionNode = FALSE
	EndGlobalSection
	GlobalSection(ExtensibilityGlobals) = postSolution
		SolutionGuid = {062A80EB-7C8C-4652-8F69-D6938DD0D08F}
	EndGlobalSection
EndGlobal
